
Microsoft Visual Studio Solution File, Format Version 12.00
# Visual Studio 2013
VisualStudioVersion = 12.0.21005.1
MinimumVisualStudioVersion = 10.0.40219.1
Project("{FAE04EC0-301F-11D3-BF4B-00C04F79EFBC}") = "Lisp.Net", "Lisp.NET\Lisp.Net.csproj", "{EC0F7276-EC72-4DB4-AE4B-667D0B81B59E}"
EndProject
Project("{F2A71F9B-5D33-465A-A702-920D77279786}") = "Lexer", "Lexer\Lexer.fsproj", "{59A9D7F0-6E2A-487C-BE67-D0C84D4CB81F}"
EndProject
Project("{2150E333-8FDC-42A3-9474-1A3956D46DE8}") = "Simples", "Simples", "{40232D4B-3C73-44D9-ACB2-477F2EB3AF9C}"
EndProject
Project("{FAE04EC0-301F-11D3-BF4B-00C04F79EFBC}") = "显示匹配的括号", "Simples\显示匹配的括号\显示匹配的括号.csproj", "{8740AB1C-4006-4ABE-8A41-EA3CB66BCA61}"
EndProject
Project("{FAE04EC0-301F-11D3-BF4B-00C04F79EFBC}") = "显示语句完成", "Simples\显示语句完成\显示语句完成.csproj", "{3963909D-078E-4DA0-AFB6-885F85229522}"
EndProject
Project("{FAE04EC0-301F-11D3-BF4B-00C04F79EFBC}") = "自定义项目", "Simples\自定义项目\自定义项目.csproj", "{6D0042C1-B4F4-4FD7-A1F8-AF2A7345B2F4}"
EndProject
Project("{FAE04EC0-301F-11D3-BF4B-00C04F79EFBC}") = "Microsoft.VisualStudio.Project", "MPF\Microsoft.VisualStudio.Project.csproj", "{CACB60A9-1E76-4F92-8831-B134A658C695}"
EndProject
Project("{FAE04EC0-301F-11D3-BF4B-00C04F79EFBC}") = "VisualLisp", "VisualLisp\VisualLisp.csproj", "{C8C10214-FCC0-4F7A-8DE7-5B3D0D1C9DB3}"
EndProject
Project("{FAE04EC0-301F-11D3-BF4B-00C04F79EFBC}") = "FSharpExtension", "FSharpExtension\FSharpExtension.csproj", "{716DD3CE-83B2-4CA9-B651-E848E20EE605}"
EndProject
Project("{F2A71F9B-5D33-465A-A702-920D77279786}") = "Grammar", "Grammar\Grammar.fsproj", "{458A59E3-B216-40E6-A4C7-B4165F5C1571}"
EndProject
Global
	GlobalSection(SolutionConfigurationPlatforms) = preSolution
		Debug|Any CPU = Debug|Any CPU
		Release|Any CPU = Release|Any CPU
	EndGlobalSection
	GlobalSection(ProjectConfigurationPlatforms) = postSolution
		{EC0F7276-EC72-4DB4-AE4B-667D0B81B59E}.Debug|Any CPU.ActiveCfg = Debug|Any CPU
		{EC0F7276-EC72-4DB4-AE4B-667D0B81B59E}.Debug|Any CPU.Build.0 = Debug|Any CPU
		{EC0F7276-EC72-4DB4-AE4B-667D0B81B59E}.Release|Any CPU.ActiveCfg = Release|Any CPU
		{EC0F7276-EC72-4DB4-AE4B-667D0B81B59E}.Release|Any CPU.Build.0 = Release|Any CPU
		{59A9D7F0-6E2A-487C-BE67-D0C84D4CB81F}.Debug|Any CPU.ActiveCfg = Debug|Any CPU
		{59A9D7F0-6E2A-487C-BE67-D0C84D4CB81F}.Debug|Any CPU.Build.0 = Debug|Any CPU
		{59A9D7F0-6E2A-487C-BE67-D0C84D4CB81F}.Release|Any CPU.ActiveCfg = Release|Any CPU
		{59A9D7F0-6E2A-487C-BE67-D0C84D4CB81F}.Release|Any CPU.Build.0 = Release|Any CPU
		{8740AB1C-4006-4ABE-8A41-EA3CB66BCA61}.Debug|Any CPU.ActiveCfg = Debug|Any CPU
		{8740AB1C-4006-4ABE-8A41-EA3CB66BCA61}.Debug|Any CPU.Build.0 = Debug|Any CPU
		{8740AB1C-4006-4ABE-8A41-EA3CB66BCA61}.Release|Any CPU.ActiveCfg = Release|Any CPU
		{8740AB1C-4006-4ABE-8A41-EA3CB66BCA61}.Release|Any CPU.Build.0 = Release|Any CPU
		{3963909D-078E-4DA0-AFB6-885F85229522}.Debug|Any CPU.ActiveCfg = Debug|Any CPU
		{3963909D-078E-4DA0-AFB6-885F85229522}.Debug|Any CPU.Build.0 = Debug|Any CPU
		{3963909D-078E-4DA0-AFB6-885F85229522}.Release|Any CPU.ActiveCfg = Release|Any CPU
		{3963909D-078E-4DA0-AFB6-885F85229522}.Release|Any CPU.Build.0 = Release|Any CPU
		{6D0042C1-B4F4-4FD7-A1F8-AF2A7345B2F4}.Debug|Any CPU.ActiveCfg = Debug|Any CPU
		{6D0042C1-B4F4-4FD7-A1F8-AF2A7345B2F4}.Debug|Any CPU.Build.0 = Debug|Any CPU
		{6D0042C1-B4F4-4FD7-A1F8-AF2A7345B2F4}.Release|Any CPU.ActiveCfg = Release|Any CPU
		{6D0042C1-B4F4-4FD7-A1F8-AF2A7345B2F4}.Release|Any CPU.Build.0 = Release|Any CPU
		{CACB60A9-1E76-4F92-8831-B134A658C695}.Debug|Any CPU.ActiveCfg = Debug|Any CPU
		{CACB60A9-1E76-4F92-8831-B134A658C695}.Debug|Any CPU.Build.0 = Debug|Any CPU
		{CACB60A9-1E76-4F92-8831-B134A658C695}.Release|Any CPU.ActiveCfg = Release|Any CPU
		{CACB60A9-1E76-4F92-8831-B134A658C695}.Release|Any CPU.Build.0 = Release|Any CPU
		{C8C10214-FCC0-4F7A-8DE7-5B3D0D1C9DB3}.Debug|Any CPU.ActiveCfg = Debug|Any CPU
		{C8C10214-FCC0-4F7A-8DE7-5B3D0D1C9DB3}.Debug|Any CPU.Build.0 = Debug|Any CPU
		{C8C10214-FCC0-4F7A-8DE7-5B3D0D1C9DB3}.Release|Any CPU.ActiveCfg = Release|Any CPU
		{C8C10214-FCC0-4F7A-8DE7-5B3D0D1C9DB3}.Release|Any CPU.Build.0 = Release|Any CPU
		{716DD3CE-83B2-4CA9-B651-E848E20EE605}.Debug|Any CPU.ActiveCfg = Debug|Any CPU
		{716DD3CE-83B2-4CA9-B651-E848E20EE605}.Debug|Any CPU.Build.0 = Debug|Any CPU
		{716DD3CE-83B2-4CA9-B651-E848E20EE605}.Release|Any CPU.ActiveCfg = Release|Any CPU
		{716DD3CE-83B2-4CA9-B651-E848E20EE605}.Release|Any CPU.Build.0 = Release|Any CPU
		{458A59E3-B216-40E6-A4C7-B4165F5C1571}.Debug|Any CPU.ActiveCfg = Debug|Any CPU
		{458A59E3-B216-40E6-A4C7-B4165F5C1571}.Debug|Any CPU.Build.0 = Debug|Any CPU
		{458A59E3-B216-40E6-A4C7-B4165F5C1571}.Release|Any CPU.ActiveCfg = Release|Any CPU
		{458A59E3-B216-40E6-A4C7-B4165F5C1571}.Release|Any CPU.Build.0 = Release|Any CPU
	EndGlobalSection
	GlobalSection(SolutionProperties) = preSolution
		HideSolutionNode = FALSE
	EndGlobalSection
	GlobalSection(NestedProjects) = preSolution
		{8740AB1C-4006-4ABE-8A41-EA3CB66BCA61} = {40232D4B-3C73-44D9-ACB2-477F2EB3AF9C}
		{3963909D-078E-4DA0-AFB6-885F85229522} = {40232D4B-3C73-44D9-ACB2-477F2EB3AF9C}
		{6D0042C1-B4F4-4FD7-A1F8-AF2A7345B2F4} = {40232D4B-3C73-44D9-ACB2-477F2EB3AF9C}
	EndGlobalSection
EndGlobal
